
Microsoft Visual Studio Solution File, Format Version 12.00
# Visual Studio Version 17
VisualStudioVersion = 17.9.34622.214
MinimumVisualStudioVersion = 10.0.40219.1
Project("{FAE04EC0-301F-11D3-BF4B-00C04F79EFBC}") = "DoAnLTM_GetInforUpcomingFilm", "DoAnLTM_GetInforUpcomingFilm\DoAnLTM_GetInforUpcomingFilm.csproj", "{3011CEB1-4A73-473D-A874-741ED03EB05D}"
EndProject
Global
	GlobalSection(SolutionConfigurationPlatforms) = preSolution
		Debug|Any CPU = Debug|Any CPU
		Release|Any CPU = Release|Any CPU
	EndGlobalSection
	GlobalSection(ProjectConfigurationPlatforms) = postSolution
		{3011CEB1-4A73-473D-A874-741ED03EB05D}.Debug|Any CPU.ActiveCfg = Debug|Any CPU
		{3011CEB1-4A73-473D-A874-741ED03EB05D}.Debug|Any CPU.Build.0 = Debug|Any CPU
		{3011CEB1-4A73-473D-A874-741ED03EB05D}.Release|Any CPU.ActiveCfg = Release|Any CPU
		{3011CEB1-4A73-473D-A874-741ED03EB05D}.Release|Any CPU.Build.0 = Release|Any CPU
	EndGlobalSection
	GlobalSection(SolutionProperties) = preSolution
		HideSolutionNode = FALSE
	EndGlobalSection
	GlobalSection(ExtensibilityGlobals) = postSolution
		SolutionGuid = {30895422-0A6E-46DE-BE68-FEDDF34A5AE0}
	EndGlobalSection
EndGlobal
